// !$*UTF8*$!
{
	archiveVersion = 1;
	classes = {
	};
	objectVersion = 56;
	objects = {

/* Begin PBXBuildFile section */
		DE3A00182B1A0EEE00C408C1 /* DatePickerViewController.swift in Sources */ = {isa = PBXBuildFile; fileRef = DE3A00172B1A0EEE00C408C1 /* DatePickerViewController.swift */; };
		DE3AFF7C2B10DD0900C408C1 /* RxCocoa in Frameworks */ = {isa = PBXBuildFile; productRef = DE3AFF7B2B10DD0900C408C1 /* RxCocoa */; };
		DE3AFF7E2B10DD0900C408C1 /* RxRelay in Frameworks */ = {isa = PBXBuildFile; productRef = DE3AFF7D2B10DD0900C408C1 /* RxRelay */; };
		DE3AFF802B10DD0900C408C1 /* RxSwift in Frameworks */ = {isa = PBXBuildFile; productRef = DE3AFF7F2B10DD0900C408C1 /* RxSwift */; };
		DE3AFF902B14C3C300C408C1 /* PassWordSignUpViewController.swift in Sources */ = {isa = PBXBuildFile; fileRef = DE3AFF8F2B14C3C300C408C1 /* PassWordSignUpViewController.swift */; };
		DE3AFF922B14D5C700C408C1 /* ViewModelType.swift in Sources */ = {isa = PBXBuildFile; fileRef = DE3AFF912B14D5C700C408C1 /* ViewModelType.swift */; };
		DE3AFF962B14D6EB00C408C1 /* EmailUpViewModel.swift in Sources */ = {isa = PBXBuildFile; fileRef = DE3AFF952B14D6EB00C408C1 /* EmailUpViewModel.swift */; };
		DE3AFFB32B170C2D00C408C1 /* PassWordSignUpViewModel.swift in Sources */ = {isa = PBXBuildFile; fileRef = DE3AFFB22B170C2D00C408C1 /* PassWordSignUpViewModel.swift */; };
		DE3AFFB52B1787D300C408C1 /* UserInfoUpViewController.swift in Sources */ = {isa = PBXBuildFile; fileRef = DE3AFFB42B1787D300C408C1 /* UserInfoUpViewController.swift */; };
		DE3AFFEC2B1864A600C408C1 /* GuideLabel.swift in Sources */ = {isa = PBXBuildFile; fileRef = DE3AFFEB2B1864A600C408C1 /* GuideLabel.swift */; };
		DE3AFFEE2B1865C300C408C1 /* NextButton.swift in Sources */ = {isa = PBXBuildFile; fileRef = DE3AFFED2B1865C300C408C1 /* NextButton.swift */; };
		DE3AFFF02B186A5800C408C1 /* GuideTextFieldVStack.swift in Sources */ = {isa = PBXBuildFile; fileRef = DE3AFFEF2B186A5800C408C1 /* GuideTextFieldVStack.swift */; };
		DE3AFFF22B18799B00C408C1 /* UserInfoUpViewModel.swift in Sources */ = {isa = PBXBuildFile; fileRef = DE3AFFF12B18799B00C408C1 /* UserInfoUpViewModel.swift */; };
		DE3AFFF42B18AD5E00C408C1 /* SignupModel.swift in Sources */ = {isa = PBXBuildFile; fileRef = DE3AFFF32B18AD5E00C408C1 /* SignupModel.swift */; };
		DE3AFFF62B18BDD800C408C1 /* ErrorCase.swift in Sources */ = {isa = PBXBuildFile; fileRef = DE3AFFF52B18BDD800C408C1 /* ErrorCase.swift */; };
		DE447F5F2B0E5E7200B6EB31 /* EmailUpViewController.swift in Sources */ = {isa = PBXBuildFile; fileRef = DE447F5E2B0E5E7200B6EB31 /* EmailUpViewController.swift */; };
		DE99235D2B0E73C70048B705 /* LoginView.swift in Sources */ = {isa = PBXBuildFile; fileRef = DE99235C2B0E73C70048B705 /* LoginView.swift */; };
		DE99235F2B0E77150048B705 /* Extension+UIColor.swift in Sources */ = {isa = PBXBuildFile; fileRef = DE99235E2B0E77150048B705 /* Extension+UIColor.swift */; };
		DE99238E2B0F2CC60048B705 /* SecretKeys.swift in Sources */ = {isa = PBXBuildFile; fileRef = DE99238D2B0F2CC60048B705 /* SecretKeys.swift */; };
		DE9923912B0F6B080048B705 /* Router.swift in Sources */ = {isa = PBXBuildFile; fileRef = DE9923902B0F6B080048B705 /* Router.swift */; };
		DE9923932B0F722B0048B705 /* ValidationEmailModel.swift in Sources */ = {isa = PBXBuildFile; fileRef = DE9923922B0F722B0048B705 /* ValidationEmailModel.swift */; };
		DE9923962B0F78FE0048B705 /* APIManger.swift in Sources */ = {isa = PBXBuildFile; fileRef = DE9923952B0F78FE0048B705 /* APIManger.swift */; };
		DEE81C6F2B0CDC660069AB2E /* AppDelegate.swift in Sources */ = {isa = PBXBuildFile; fileRef = DEE81C6E2B0CDC660069AB2E /* AppDelegate.swift */; };
		DEE81C712B0CDC670069AB2E /* SceneDelegate.swift in Sources */ = {isa = PBXBuildFile; fileRef = DEE81C702B0CDC670069AB2E /* SceneDelegate.swift */; };
		DEE81C732B0CDC670069AB2E /* LoginViewController.swift in Sources */ = {isa = PBXBuildFile; fileRef = DEE81C722B0CDC670069AB2E /* LoginViewController.swift */; };
		DEE81C782B0CDC690069AB2E /* Assets.xcassets in Resources */ = {isa = PBXBuildFile; fileRef = DEE81C772B0CDC690069AB2E /* Assets.xcassets */; };
		DEE81C7B2B0CDC690069AB2E /* LaunchScreen.storyboard in Resources */ = {isa = PBXBuildFile; fileRef = DEE81C792B0CDC690069AB2E /* LaunchScreen.storyboard */; };
		DEE81C872B0CDD6B0069AB2E /* SnapKit in Frameworks */ = {isa = PBXBuildFile; productRef = DEE81C862B0CDD6B0069AB2E /* SnapKit */; };
		DEE81C8A2B0CDD8E0069AB2E /* Moya in Frameworks */ = {isa = PBXBuildFile; productRef = DEE81C892B0CDD8E0069AB2E /* Moya */; };
		DEE81C8C2B0CDD8E0069AB2E /* ReactiveMoya in Frameworks */ = {isa = PBXBuildFile; productRef = DEE81C8B2B0CDD8E0069AB2E /* ReactiveMoya */; };
		DEE81C8E2B0CDD8E0069AB2E /* RxMoya in Frameworks */ = {isa = PBXBuildFile; productRef = DEE81C8D2B0CDD8E0069AB2E /* RxMoya */; };
		DEE81C912B0CDDA00069AB2E /* Kingfisher in Frameworks */ = {isa = PBXBuildFile; productRef = DEE81C902B0CDDA00069AB2E /* Kingfisher */; };
		DEE81CA12B0CE2000069AB2E /* BaseViewController.swift in Sources */ = {isa = PBXBuildFile; fileRef = DEE81CA02B0CE2000069AB2E /* BaseViewController.swift */; };
		DEE81CA32B0CE2080069AB2E /* BaseView.swift in Sources */ = {isa = PBXBuildFile; fileRef = DEE81CA22B0CE2080069AB2E /* BaseView.swift */; };
		DEE81CA62B0CE87A0069AB2E /* Extension+UIView.swift in Sources */ = {isa = PBXBuildFile; fileRef = DEE81CA52B0CE87A0069AB2E /* Extension+UIView.swift */; };
		DEF1D3842B1DD98B00CDE246 /* Extension+UIViewController.swift in Sources */ = {isa = PBXBuildFile; fileRef = DEF1D3832B1DD98B00CDE246 /* Extension+UIViewController.swift */; };
		DEF1D3862B1DDF8C00CDE246 /* SignUpCompletionViewController.swift in Sources */ = {isa = PBXBuildFile; fileRef = DEF1D3852B1DDF8C00CDE246 /* SignUpCompletionViewController.swift */; };
		DEF1D3882B1DE59700CDE246 /* CapsuleButton.swift in Sources */ = {isa = PBXBuildFile; fileRef = DEF1D3872B1DE59700CDE246 /* CapsuleButton.swift */; };
		DEF1D38A2B1E36BD00CDE246 /* LoginModel.swift in Sources */ = {isa = PBXBuildFile; fileRef = DEF1D3892B1E36BD00CDE246 /* LoginModel.swift */; };
		DEF1D38C2B1F1B7E00CDE246 /* LoginViewModel.swift in Sources */ = {isa = PBXBuildFile; fileRef = DEF1D38B2B1F1B7E00CDE246 /* LoginViewModel.swift */; };
/* End PBXBuildFile section */

/* Begin PBXFileReference section */
		DE3A00172B1A0EEE00C408C1 /* DatePickerViewController.swift */ = {isa = PBXFileReference; lastKnownFileType = sourcecode.swift; path = DatePickerViewController.swift; sourceTree = "<group>"; };
		DE3AFF8F2B14C3C300C408C1 /* PassWordSignUpViewController.swift */ = {isa = PBXFileReference; lastKnownFileType = sourcecode.swift; path = PassWordSignUpViewController.swift; sourceTree = "<group>"; };
		DE3AFF912B14D5C700C408C1 /* ViewModelType.swift */ = {isa = PBXFileReference; lastKnownFileType = sourcecode.swift; path = ViewModelType.swift; sourceTree = "<group>"; };
		DE3AFF952B14D6EB00C408C1 /* EmailUpViewModel.swift */ = {isa = PBXFileReference; lastKnownFileType = sourcecode.swift; path = EmailUpViewModel.swift; sourceTree = "<group>"; };
		DE3AFFB22B170C2D00C408C1 /* PassWordSignUpViewModel.swift */ = {isa = PBXFileReference; lastKnownFileType = sourcecode.swift; path = PassWordSignUpViewModel.swift; sourceTree = "<group>"; };
		DE3AFFB42B1787D300C408C1 /* UserInfoUpViewController.swift */ = {isa = PBXFileReference; lastKnownFileType = sourcecode.swift; path = UserInfoUpViewController.swift; sourceTree = "<group>"; };
		DE3AFFEB2B1864A600C408C1 /* GuideLabel.swift */ = {isa = PBXFileReference; lastKnownFileType = sourcecode.swift; path = GuideLabel.swift; sourceTree = "<group>"; };
		DE3AFFED2B1865C300C408C1 /* NextButton.swift */ = {isa = PBXFileReference; lastKnownFileType = sourcecode.swift; path = NextButton.swift; sourceTree = "<group>"; };
		DE3AFFEF2B186A5800C408C1 /* GuideTextFieldVStack.swift */ = {isa = PBXFileReference; lastKnownFileType = sourcecode.swift; path = GuideTextFieldVStack.swift; sourceTree = "<group>"; };
		DE3AFFF12B18799B00C408C1 /* UserInfoUpViewModel.swift */ = {isa = PBXFileReference; lastKnownFileType = sourcecode.swift; path = UserInfoUpViewModel.swift; sourceTree = "<group>"; };
		DE3AFFF32B18AD5E00C408C1 /* SignupModel.swift */ = {isa = PBXFileReference; lastKnownFileType = sourcecode.swift; path = SignupModel.swift; sourceTree = "<group>"; };
		DE3AFFF52B18BDD800C408C1 /* ErrorCase.swift */ = {isa = PBXFileReference; lastKnownFileType = sourcecode.swift; path = ErrorCase.swift; sourceTree = "<group>"; };
		DE447F5E2B0E5E7200B6EB31 /* EmailUpViewController.swift */ = {isa = PBXFileReference; lastKnownFileType = sourcecode.swift; path = EmailUpViewController.swift; sourceTree = "<group>"; };
		DE99235C2B0E73C70048B705 /* LoginView.swift */ = {isa = PBXFileReference; lastKnownFileType = sourcecode.swift; path = LoginView.swift; sourceTree = "<group>"; };
		DE99235E2B0E77150048B705 /* Extension+UIColor.swift */ = {isa = PBXFileReference; lastKnownFileType = sourcecode.swift; path = "Extension+UIColor.swift"; sourceTree = "<group>"; };
		DE99238D2B0F2CC60048B705 /* SecretKeys.swift */ = {isa = PBXFileReference; lastKnownFileType = sourcecode.swift; path = SecretKeys.swift; sourceTree = "<group>"; };
		DE9923902B0F6B080048B705 /* Router.swift */ = {isa = PBXFileReference; lastKnownFileType = sourcecode.swift; path = Router.swift; sourceTree = "<group>"; };
		DE9923922B0F722B0048B705 /* ValidationEmailModel.swift */ = {isa = PBXFileReference; lastKnownFileType = sourcecode.swift; path = ValidationEmailModel.swift; sourceTree = "<group>"; };
		DE9923952B0F78FE0048B705 /* APIManger.swift */ = {isa = PBXFileReference; lastKnownFileType = sourcecode.swift; path = APIManger.swift; sourceTree = "<group>"; };
		DEE81C6B2B0CDC660069AB2E /* LookMyPets.app */ = {isa = PBXFileReference; explicitFileType = wrapper.application; includeInIndex = 0; path = LookMyPets.app; sourceTree = BUILT_PRODUCTS_DIR; };
		DEE81C6E2B0CDC660069AB2E /* AppDelegate.swift */ = {isa = PBXFileReference; lastKnownFileType = sourcecode.swift; path = AppDelegate.swift; sourceTree = "<group>"; };
		DEE81C702B0CDC670069AB2E /* SceneDelegate.swift */ = {isa = PBXFileReference; lastKnownFileType = sourcecode.swift; path = SceneDelegate.swift; sourceTree = "<group>"; };
		DEE81C722B0CDC670069AB2E /* LoginViewController.swift */ = {isa = PBXFileReference; lastKnownFileType = sourcecode.swift; path = LoginViewController.swift; sourceTree = "<group>"; };
		DEE81C772B0CDC690069AB2E /* Assets.xcassets */ = {isa = PBXFileReference; lastKnownFileType = folder.assetcatalog; path = Assets.xcassets; sourceTree = "<group>"; };
		DEE81C7A2B0CDC690069AB2E /* Base */ = {isa = PBXFileReference; lastKnownFileType = file.storyboard; name = Base; path = Base.lproj/LaunchScreen.storyboard; sourceTree = "<group>"; };
		DEE81C7C2B0CDC690069AB2E /* Info.plist */ = {isa = PBXFileReference; lastKnownFileType = text.plist.xml; path = Info.plist; sourceTree = "<group>"; };
		DEE81CA02B0CE2000069AB2E /* BaseViewController.swift */ = {isa = PBXFileReference; lastKnownFileType = sourcecode.swift; path = BaseViewController.swift; sourceTree = "<group>"; };
		DEE81CA22B0CE2080069AB2E /* BaseView.swift */ = {isa = PBXFileReference; lastKnownFileType = sourcecode.swift; path = BaseView.swift; sourceTree = "<group>"; };
		DEE81CA52B0CE87A0069AB2E /* Extension+UIView.swift */ = {isa = PBXFileReference; lastKnownFileType = sourcecode.swift; path = "Extension+UIView.swift"; sourceTree = "<group>"; };
		DEF1D3832B1DD98B00CDE246 /* Extension+UIViewController.swift */ = {isa = PBXFileReference; lastKnownFileType = sourcecode.swift; path = "Extension+UIViewController.swift"; sourceTree = "<group>"; };
		DEF1D3852B1DDF8C00CDE246 /* SignUpCompletionViewController.swift */ = {isa = PBXFileReference; lastKnownFileType = sourcecode.swift; path = SignUpCompletionViewController.swift; sourceTree = "<group>"; };
		DEF1D3872B1DE59700CDE246 /* CapsuleButton.swift */ = {isa = PBXFileReference; lastKnownFileType = sourcecode.swift; path = CapsuleButton.swift; sourceTree = "<group>"; };
		DEF1D3892B1E36BD00CDE246 /* LoginModel.swift */ = {isa = PBXFileReference; lastKnownFileType = sourcecode.swift; path = LoginModel.swift; sourceTree = "<group>"; };
		DEF1D38B2B1F1B7E00CDE246 /* LoginViewModel.swift */ = {isa = PBXFileReference; lastKnownFileType = sourcecode.swift; path = LoginViewModel.swift; sourceTree = "<group>"; };
/* End PBXFileReference section */

/* Begin PBXFrameworksBuildPhase section */
		DEE81C682B0CDC660069AB2E /* Frameworks */ = {
			isa = PBXFrameworksBuildPhase;
			buildActionMask = 2147483647;
			files = (
				DE3AFF7C2B10DD0900C408C1 /* RxCocoa in Frameworks */,
				DEE81C8A2B0CDD8E0069AB2E /* Moya in Frameworks */,
				DE3AFF7E2B10DD0900C408C1 /* RxRelay in Frameworks */,
				DEE81C872B0CDD6B0069AB2E /* SnapKit in Frameworks */,
				DEE81C8E2B0CDD8E0069AB2E /* RxMoya in Frameworks */,
				DEE81C8C2B0CDD8E0069AB2E /* ReactiveMoya in Frameworks */,
				DE3AFF802B10DD0900C408C1 /* RxSwift in Frameworks */,
				DEE81C912B0CDDA00069AB2E /* Kingfisher in Frameworks */,
			);
			runOnlyForDeploymentPostprocessing = 0;
		};
/* End PBXFrameworksBuildPhase section */

/* Begin PBXGroup section */
		DE3AFF932B14D6BD00C408C1 /* ViewModel */ = {
			isa = PBXGroup;
			children = (
				DE3AFF912B14D5C700C408C1 /* ViewModelType.swift */,
			);
			path = ViewModel;
			sourceTree = "<group>";
		};
		DE3AFF942B14D6DE00C408C1 /* ViewModel */ = {
			isa = PBXGroup;
			children = (
				DE3AFF952B14D6EB00C408C1 /* EmailUpViewModel.swift */,
				DE3AFFB22B170C2D00C408C1 /* PassWordSignUpViewModel.swift */,
				DE3AFFF12B18799B00C408C1 /* UserInfoUpViewModel.swift */,
			);
			path = ViewModel;
			sourceTree = "<group>";
		};
		DE3AFFE72B18620200C408C1 /* CustomView */ = {
			isa = PBXGroup;
			children = (
				DE3AFFEB2B1864A600C408C1 /* GuideLabel.swift */,
				DE3AFFED2B1865C300C408C1 /* NextButton.swift */,
				DE3AFFEF2B186A5800C408C1 /* GuideTextFieldVStack.swift */,
				DEF1D3872B1DE59700CDE246 /* CapsuleButton.swift */,
			);
			path = CustomView;
			sourceTree = "<group>";
		};
		DE3AFFEA2B18644600C408C1 /* Login */ = {
			isa = PBXGroup;
			children = (
				DEF1D38D2B1F53B500CDE246 /* ViewModel */,
				DEE81C722B0CDC670069AB2E /* LoginViewController.swift */,
				DE99235C2B0E73C70048B705 /* LoginView.swift */,
			);
			path = Login;
			sourceTree = "<group>";
		};
		DE447F5D2B0E571A00B6EB31 /* SignUp */ = {
			isa = PBXGroup;
			children = (
				DE3AFF942B14D6DE00C408C1 /* ViewModel */,
				DE447F5E2B0E5E7200B6EB31 /* EmailUpViewController.swift */,
				DE3AFF8F2B14C3C300C408C1 /* PassWordSignUpViewController.swift */,
				DE3AFFB42B1787D300C408C1 /* UserInfoUpViewController.swift */,
				DE3A00172B1A0EEE00C408C1 /* DatePickerViewController.swift */,
				DEF1D3852B1DDF8C00CDE246 /* SignUpCompletionViewController.swift */,
			);
			path = SignUp;
			sourceTree = "<group>";
		};
		DE99238F2B0F6A680048B705 /* Network */ = {
			isa = PBXGroup;
			children = (
				DE9923902B0F6B080048B705 /* Router.swift */,
				DE9923952B0F78FE0048B705 /* APIManger.swift */,
				DE3AFFF52B18BDD800C408C1 /* ErrorCase.swift */,
			);
			path = Network;
			sourceTree = "<group>";
		};
		DE9923942B0F76A80048B705 /* Model */ = {
			isa = PBXGroup;
			children = (
				DE9923922B0F722B0048B705 /* ValidationEmailModel.swift */,
				DE3AFFF32B18AD5E00C408C1 /* SignupModel.swift */,
				DEF1D3892B1E36BD00CDE246 /* LoginModel.swift */,
			);
			path = Model;
			sourceTree = "<group>";
		};
		DEE81C622B0CDC660069AB2E = {
			isa = PBXGroup;
			children = (
				DEE81C6D2B0CDC660069AB2E /* LookMyPets */,
				DEE81C6C2B0CDC660069AB2E /* Products */,
			);
			sourceTree = "<group>";
		};
		DEE81C6C2B0CDC660069AB2E /* Products */ = {
			isa = PBXGroup;
			children = (
				DEE81C6B2B0CDC660069AB2E /* LookMyPets.app */,
			);
			name = Products;
			sourceTree = "<group>";
		};
		DEE81C6D2B0CDC660069AB2E /* LookMyPets */ = {
			isa = PBXGroup;
			children = (
				DE3AFFE72B18620200C408C1 /* CustomView */,
				DE9923942B0F76A80048B705 /* Model */,
				DE99238F2B0F6A680048B705 /* Network */,
				DEE81CA42B0CE8650069AB2E /* Extension */,
				DEE81C842B0CDCDB0069AB2E /* Resources */,
				DEE81C832B0CDCD80069AB2E /* App */,
				DEE81C822B0CDCD20069AB2E /* Scene */,
				DE3AFF932B14D6BD00C408C1 /* ViewModel */,
				DE99238D2B0F2CC60048B705 /* SecretKeys.swift */,
				DEE81C7C2B0CDC690069AB2E /* Info.plist */,
			);
			path = LookMyPets;
			sourceTree = "<group>";
		};
		DEE81C822B0CDCD20069AB2E /* Scene */ = {
			isa = PBXGroup;
			children = (
				DE3AFFEA2B18644600C408C1 /* Login */,
				DE447F5D2B0E571A00B6EB31 /* SignUp */,
				DEE81C9F2B0CE1F20069AB2E /* Base */,
			);
			path = Scene;
			sourceTree = "<group>";
		};
		DEE81C832B0CDCD80069AB2E /* App */ = {
			isa = PBXGroup;
			children = (
				DEE81C6E2B0CDC660069AB2E /* AppDelegate.swift */,
				DEE81C702B0CDC670069AB2E /* SceneDelegate.swift */,
			);
			path = App;
			sourceTree = "<group>";
		};
		DEE81C842B0CDCDB0069AB2E /* Resources */ = {
			isa = PBXGroup;
			children = (
				DEE81C772B0CDC690069AB2E /* Assets.xcassets */,
				DEE81C792B0CDC690069AB2E /* LaunchScreen.storyboard */,
			);
			path = Resources;
			sourceTree = "<group>";
		};
		DEE81C9F2B0CE1F20069AB2E /* Base */ = {
			isa = PBXGroup;
			children = (
				DEE81CA02B0CE2000069AB2E /* BaseViewController.swift */,
				DEE81CA22B0CE2080069AB2E /* BaseView.swift */,
			);
			path = Base;
			sourceTree = "<group>";
		};
		DEE81CA42B0CE8650069AB2E /* Extension */ = {
			isa = PBXGroup;
			children = (
				DEE81CA52B0CE87A0069AB2E /* Extension+UIView.swift */,
				DE99235E2B0E77150048B705 /* Extension+UIColor.swift */,
				DEF1D3832B1DD98B00CDE246 /* Extension+UIViewController.swift */,
			);
			path = Extension;
			sourceTree = "<group>";
		};
		DEF1D38D2B1F53B500CDE246 /* ViewModel */ = {
			isa = PBXGroup;
			children = (
				DEF1D38B2B1F1B7E00CDE246 /* LoginViewModel.swift */,
			);
			path = ViewModel;
			sourceTree = "<group>";
		};
/* End PBXGroup section */

/* Begin PBXNativeTarget section */
		DEE81C6A2B0CDC660069AB2E /* LookMyPets */ = {
			isa = PBXNativeTarget;
			buildConfigurationList = DEE81C7F2B0CDC690069AB2E /* Build configuration list for PBXNativeTarget "LookMyPets" */;
			buildPhases = (
				DEE81C672B0CDC660069AB2E /* Sources */,
				DEE81C682B0CDC660069AB2E /* Frameworks */,
				DEE81C692B0CDC660069AB2E /* Resources */,
			);
			buildRules = (
			);
			dependencies = (
			);
			name = LookMyPets;
			packageProductDependencies = (
				DEE81C862B0CDD6B0069AB2E /* SnapKit */,
				DEE81C892B0CDD8E0069AB2E /* Moya */,
				DEE81C8B2B0CDD8E0069AB2E /* ReactiveMoya */,
				DEE81C8D2B0CDD8E0069AB2E /* RxMoya */,
				DEE81C902B0CDDA00069AB2E /* Kingfisher */,
				DE3AFF7B2B10DD0900C408C1 /* RxCocoa */,
				DE3AFF7D2B10DD0900C408C1 /* RxRelay */,
				DE3AFF7F2B10DD0900C408C1 /* RxSwift */,
			);
			productName = LookMyPets;
			productReference = DEE81C6B2B0CDC660069AB2E /* LookMyPets.app */;
			productType = "com.apple.product-type.application";
		};
/* End PBXNativeTarget section */

/* Begin PBXProject section */
		DEE81C632B0CDC660069AB2E /* Project object */ = {
			isa = PBXProject;
			attributes = {
				BuildIndependentTargetsInParallel = 1;
				LastSwiftUpdateCheck = 1500;
				LastUpgradeCheck = 1500;
				TargetAttributes = {
					DEE81C6A2B0CDC660069AB2E = {
						CreatedOnToolsVersion = 15.0.1;
					};
				};
			};
			buildConfigurationList = DEE81C662B0CDC660069AB2E /* Build configuration list for PBXProject "LookMyPets" */;
			compatibilityVersion = "Xcode 14.0";
			developmentRegion = en;
			hasScannedForEncodings = 0;
			knownRegions = (
				en,
				Base,
			);
			mainGroup = DEE81C622B0CDC660069AB2E;
			packageReferences = (
				DEE81C852B0CDD6B0069AB2E /* XCRemoteSwiftPackageReference "SnapKit" */,
				DEE81C882B0CDD8E0069AB2E /* XCRemoteSwiftPackageReference "Moya" */,
				DEE81C8F2B0CDDA00069AB2E /* XCRemoteSwiftPackageReference "Kingfisher" */,
				DE3AFF7A2B10DD0900C408C1 /* XCRemoteSwiftPackageReference "RxSwift" */,
			);
			productRefGroup = DEE81C6C2B0CDC660069AB2E /* Products */;
			projectDirPath = "";
			projectRoot = "";
			targets = (
				DEE81C6A2B0CDC660069AB2E /* LookMyPets */,
			);
		};
/* End PBXProject section */

/* Begin PBXResourcesBuildPhase section */
		DEE81C692B0CDC660069AB2E /* Resources */ = {
			isa = PBXResourcesBuildPhase;
			buildActionMask = 2147483647;
			files = (
				DEE81C7B2B0CDC690069AB2E /* LaunchScreen.storyboard in Resources */,
				DEE81C782B0CDC690069AB2E /* Assets.xcassets in Resources */,
			);
			runOnlyForDeploymentPostprocessing = 0;
		};
/* End PBXResourcesBuildPhase section */

/* Begin PBXSourcesBuildPhase section */
		DEE81C672B0CDC660069AB2E /* Sources */ = {
			isa = PBXSourcesBuildPhase;
			buildActionMask = 2147483647;
			files = (
				DE3AFFF22B18799B00C408C1 /* UserInfoUpViewModel.swift in Sources */,
				DE3A00182B1A0EEE00C408C1 /* DatePickerViewController.swift in Sources */,
				DE9923912B0F6B080048B705 /* Router.swift in Sources */,
				DE3AFFB32B170C2D00C408C1 /* PassWordSignUpViewModel.swift in Sources */,
				DEE81C732B0CDC670069AB2E /* LoginViewController.swift in Sources */,
				DE9923962B0F78FE0048B705 /* APIManger.swift in Sources */,
				DE447F5F2B0E5E7200B6EB31 /* EmailUpViewController.swift in Sources */,
				DEF1D3882B1DE59700CDE246 /* CapsuleButton.swift in Sources */,
				DEF1D38C2B1F1B7E00CDE246 /* LoginViewModel.swift in Sources */,
				DE3AFFEC2B1864A600C408C1 /* GuideLabel.swift in Sources */,
				DEF1D3842B1DD98B00CDE246 /* Extension+UIViewController.swift in Sources */,
				DE99235F2B0E77150048B705 /* Extension+UIColor.swift in Sources */,
				DEF1D3862B1DDF8C00CDE246 /* SignUpCompletionViewController.swift in Sources */,
				DE3AFFF62B18BDD800C408C1 /* ErrorCase.swift in Sources */,
				DE3AFFB52B1787D300C408C1 /* UserInfoUpViewController.swift in Sources */,
				DEE81CA12B0CE2000069AB2E /* BaseViewController.swift in Sources */,
				DE9923932B0F722B0048B705 /* ValidationEmailModel.swift in Sources */,
				DE3AFF902B14C3C300C408C1 /* PassWordSignUpViewController.swift in Sources */,
				DE3AFF922B14D5C700C408C1 /* ViewModelType.swift in Sources */,
				DE3AFFEE2B1865C300C408C1 /* NextButton.swift in Sources */,
				DEE81CA62B0CE87A0069AB2E /* Extension+UIView.swift in Sources */,
				DE3AFF962B14D6EB00C408C1 /* EmailUpViewModel.swift in Sources */,
				DEE81CA32B0CE2080069AB2E /* BaseView.swift in Sources */,
				DEE81C6F2B0CDC660069AB2E /* AppDelegate.swift in Sources */,
				DEF1D38A2B1E36BD00CDE246 /* LoginModel.swift in Sources */,
				DE3AFFF02B186A5800C408C1 /* GuideTextFieldVStack.swift in Sources */,
				DE99235D2B0E73C70048B705 /* LoginView.swift in Sources */,
				DE3AFFF42B18AD5E00C408C1 /* SignupModel.swift in Sources */,
				DEE81C712B0CDC670069AB2E /* SceneDelegate.swift in Sources */,
				DE99238E2B0F2CC60048B705 /* SecretKeys.swift in Sources */,
			);
			runOnlyForDeploymentPostprocessing = 0;
		};
/* End PBXSourcesBuildPhase section */

/* Begin PBXVariantGroup section */
		DEE81C792B0CDC690069AB2E /* LaunchScreen.storyboard */ = {
			isa = PBXVariantGroup;
			children = (
				DEE81C7A2B0CDC690069AB2E /* Base */,
			);
			name = LaunchScreen.storyboard;
			sourceTree = "<group>";
		};
/* End PBXVariantGroup section */

/* Begin XCBuildConfiguration section */
		DEE81C7D2B0CDC690069AB2E /* Debug */ = {
			isa = XCBuildConfiguration;
			buildSettings = {
				ALWAYS_SEARCH_USER_PATHS = NO;
				ASSETCATALOG_COMPILER_GENERATE_SWIFT_ASSET_SYMBOL_EXTENSIONS = YES;
				CLANG_ANALYZER_NONNULL = YES;
				CLANG_ANALYZER_NUMBER_OBJECT_CONVERSION = YES_AGGRESSIVE;
				CLANG_CXX_LANGUAGE_STANDARD = "gnu++20";
				CLANG_ENABLE_MODULES = YES;
				CLANG_ENABLE_OBJC_ARC = YES;
				CLANG_ENABLE_OBJC_WEAK = YES;
				CLANG_WARN_BLOCK_CAPTURE_AUTORELEASING = YES;
				CLANG_WARN_BOOL_CONVERSION = YES;
				CLANG_WARN_COMMA = YES;
				CLANG_WARN_CONSTANT_CONVERSION = YES;
				CLANG_WARN_DEPRECATED_OBJC_IMPLEMENTATIONS = YES;
				CLANG_WARN_DIRECT_OBJC_ISA_USAGE = YES_ERROR;
				CLANG_WARN_DOCUMENTATION_COMMENTS = YES;
				CLANG_WARN_EMPTY_BODY = YES;
				CLANG_WARN_ENUM_CONVERSION = YES;
				CLANG_WARN_INFINITE_RECURSION = YES;
				CLANG_WARN_INT_CONVERSION = YES;
				CLANG_WARN_NON_LITERAL_NULL_CONVERSION = YES;
				CLANG_WARN_OBJC_IMPLICIT_RETAIN_SELF = YES;
				CLANG_WARN_OBJC_LITERAL_CONVERSION = YES;
				CLANG_WARN_OBJC_ROOT_CLASS = YES_ERROR;
				CLANG_WARN_QUOTED_INCLUDE_IN_FRAMEWORK_HEADER = YES;
				CLANG_WARN_RANGE_LOOP_ANALYSIS = YES;
				CLANG_WARN_STRICT_PROTOTYPES = YES;
				CLANG_WARN_SUSPICIOUS_MOVE = YES;
				CLANG_WARN_UNGUARDED_AVAILABILITY = YES_AGGRESSIVE;
				CLANG_WARN_UNREACHABLE_CODE = YES;
				CLANG_WARN__DUPLICATE_METHOD_MATCH = YES;
				COPY_PHASE_STRIP = NO;
				DEBUG_INFORMATION_FORMAT = dwarf;
				ENABLE_STRICT_OBJC_MSGSEND = YES;
				ENABLE_TESTABILITY = YES;
				ENABLE_USER_SCRIPT_SANDBOXING = YES;
				GCC_C_LANGUAGE_STANDARD = gnu17;
				GCC_DYNAMIC_NO_PIC = NO;
				GCC_NO_COMMON_BLOCKS = YES;
				GCC_OPTIMIZATION_LEVEL = 0;
				GCC_PREPROCESSOR_DEFINITIONS = (
					"DEBUG=1",
					"$(inherited)",
				);
				GCC_WARN_64_TO_32_BIT_CONVERSION = YES;
				GCC_WARN_ABOUT_RETURN_TYPE = YES_ERROR;
				GCC_WARN_UNDECLARED_SELECTOR = YES;
				GCC_WARN_UNINITIALIZED_AUTOS = YES_AGGRESSIVE;
				GCC_WARN_UNUSED_FUNCTION = YES;
				GCC_WARN_UNUSED_VARIABLE = YES;
				IPHONEOS_DEPLOYMENT_TARGET = 17.0;
				LOCALIZATION_PREFERS_STRING_CATALOGS = YES;
				MTL_ENABLE_DEBUG_INFO = INCLUDE_SOURCE;
				MTL_FAST_MATH = YES;
				ONLY_ACTIVE_ARCH = YES;
				SDKROOT = iphoneos;
				SWIFT_ACTIVE_COMPILATION_CONDITIONS = "DEBUG $(inherited)";
				SWIFT_OPTIMIZATION_LEVEL = "-Onone";
			};
			name = Debug;
		};
		DEE81C7E2B0CDC690069AB2E /* Release */ = {
			isa = XCBuildConfiguration;
			buildSettings = {
				ALWAYS_SEARCH_USER_PATHS = NO;
				ASSETCATALOG_COMPILER_GENERATE_SWIFT_ASSET_SYMBOL_EXTENSIONS = YES;
				CLANG_ANALYZER_NONNULL = YES;
				CLANG_ANALYZER_NUMBER_OBJECT_CONVERSION = YES_AGGRESSIVE;
				CLANG_CXX_LANGUAGE_STANDARD = "gnu++20";
				CLANG_ENABLE_MODULES = YES;
				CLANG_ENABLE_OBJC_ARC = YES;
				CLANG_ENABLE_OBJC_WEAK = YES;
				CLANG_WARN_BLOCK_CAPTURE_AUTORELEASING = YES;
				CLANG_WARN_BOOL_CONVERSION = YES;
				CLANG_WARN_COMMA = YES;
				CLANG_WARN_CONSTANT_CONVERSION = YES;
				CLANG_WARN_DEPRECATED_OBJC_IMPLEMENTATIONS = YES;
				CLANG_WARN_DIRECT_OBJC_ISA_USAGE = YES_ERROR;
				CLANG_WARN_DOCUMENTATION_COMMENTS = YES;
				CLANG_WARN_EMPTY_BODY = YES;
				CLANG_WARN_ENUM_CONVERSION = YES;
				CLANG_WARN_INFINITE_RECURSION = YES;
				CLANG_WARN_INT_CONVERSION = YES;
				CLANG_WARN_NON_LITERAL_NULL_CONVERSION = YES;
				CLANG_WARN_OBJC_IMPLICIT_RETAIN_SELF = YES;
				CLANG_WARN_OBJC_LITERAL_CONVERSION = YES;
				CLANG_WARN_OBJC_ROOT_CLASS = YES_ERROR;
				CLANG_WARN_QUOTED_INCLUDE_IN_FRAMEWORK_HEADER = YES;
				CLANG_WARN_RANGE_LOOP_ANALYSIS = YES;
				CLANG_WARN_STRICT_PROTOTYPES = YES;
				CLANG_WARN_SUSPICIOUS_MOVE = YES;
				CLANG_WARN_UNGUARDED_AVAILABILITY = YES_AGGRESSIVE;
				CLANG_WARN_UNREACHABLE_CODE = YES;
				CLANG_WARN__DUPLICATE_METHOD_MATCH = YES;
				COPY_PHASE_STRIP = NO;
				DEBUG_INFORMATION_FORMAT = "dwarf-with-dsym";
				ENABLE_NS_ASSERTIONS = NO;
				ENABLE_STRICT_OBJC_MSGSEND = YES;
				ENABLE_USER_SCRIPT_SANDBOXING = YES;
				GCC_C_LANGUAGE_STANDARD = gnu17;
				GCC_NO_COMMON_BLOCKS = YES;
				GCC_WARN_64_TO_32_BIT_CONVERSION = YES;
				GCC_WARN_ABOUT_RETURN_TYPE = YES_ERROR;
				GCC_WARN_UNDECLARED_SELECTOR = YES;
				GCC_WARN_UNINITIALIZED_AUTOS = YES_AGGRESSIVE;
				GCC_WARN_UNUSED_FUNCTION = YES;
				GCC_WARN_UNUSED_VARIABLE = YES;
				IPHONEOS_DEPLOYMENT_TARGET = 17.0;
				LOCALIZATION_PREFERS_STRING_CATALOGS = YES;
				MTL_ENABLE_DEBUG_INFO = NO;
				MTL_FAST_MATH = YES;
				SDKROOT = iphoneos;
				SWIFT_COMPILATION_MODE = wholemodule;
				VALIDATE_PRODUCT = YES;
			};
			name = Release;
		};
		DEE81C802B0CDC690069AB2E /* Debug */ = {
			isa = XCBuildConfiguration;
			buildSettings = {
				ASSETCATALOG_COMPILER_APPICON_NAME = AppIcon;
				ASSETCATALOG_COMPILER_GLOBAL_ACCENT_COLOR_NAME = AccentColor;
				CODE_SIGN_STYLE = Automatic;
				CURRENT_PROJECT_VERSION = 1;
				DEVELOPMENT_TEAM = AYG8MBJF93;
				GENERATE_INFOPLIST_FILE = YES;
				INFOPLIST_FILE = LookMyPets/Info.plist;
				INFOPLIST_KEY_UIApplicationSupportsIndirectInputEvents = YES;
				INFOPLIST_KEY_UILaunchStoryboardName = LaunchScreen;
				INFOPLIST_KEY_UISupportedInterfaceOrientations_iPad = "UIInterfaceOrientationPortrait UIInterfaceOrientationPortraitUpsideDown UIInterfaceOrientationLandscapeLeft UIInterfaceOrientationLandscapeRight";
				INFOPLIST_KEY_UISupportedInterfaceOrientations_iPhone = "UIInterfaceOrientationPortrait UIInterfaceOrientationLandscapeLeft UIInterfaceOrientationLandscapeRight";
				LD_RUNPATH_SEARCH_PATHS = (
					"$(inherited)",
					"@executable_path/Frameworks",
				);
				MARKETING_VERSION = 1.0;
				PRODUCT_BUNDLE_IDENTIFIER = "ILWAT-com.github.LookMyPets";
				PRODUCT_NAME = "$(TARGET_NAME)";
				SUPPORTED_PLATFORMS = "iphoneos iphonesimulator";
				SUPPORTS_MACCATALYST = NO;
				SUPPORTS_MAC_DESIGNED_FOR_IPHONE_IPAD = NO;
				SWIFT_EMIT_LOC_STRINGS = YES;
				SWIFT_VERSION = 5.0;
				TARGETED_DEVICE_FAMILY = 1;
			};
			name = Debug;
		};
		DEE81C812B0CDC690069AB2E /* Release */ = {
			isa = XCBuildConfiguration;
			buildSettings = {
				ASSETCATALOG_COMPILER_APPICON_NAME = AppIcon;
				ASSETCATALOG_COMPILER_GLOBAL_ACCENT_COLOR_NAME = AccentColor;
				CODE_SIGN_STYLE = Automatic;
				CURRENT_PROJECT_VERSION = 1;
				DEVELOPMENT_TEAM = AYG8MBJF93;
				GENERATE_INFOPLIST_FILE = YES;
				INFOPLIST_FILE = LookMyPets/Info.plist;
				INFOPLIST_KEY_UIApplicationSupportsIndirectInputEvents = YES;
				INFOPLIST_KEY_UILaunchStoryboardName = LaunchScreen;
				INFOPLIST_KEY_UISupportedInterfaceOrientations_iPad = "UIInterfaceOrientationPortrait UIInterfaceOrientationPortraitUpsideDown UIInterfaceOrientationLandscapeLeft UIInterfaceOrientationLandscapeRight";
				INFOPLIST_KEY_UISupportedInterfaceOrientations_iPhone = "UIInterfaceOrientationPortrait UIInterfaceOrientationLandscapeLeft UIInterfaceOrientationLandscapeRight";
				LD_RUNPATH_SEARCH_PATHS = (
					"$(inherited)",
					"@executable_path/Frameworks",
				);
				MARKETING_VERSION = 1.0;
				PRODUCT_BUNDLE_IDENTIFIER = "ILWAT-com.github.LookMyPets";
				PRODUCT_NAME = "$(TARGET_NAME)";
				SUPPORTED_PLATFORMS = "iphoneos iphonesimulator";
				SUPPORTS_MACCATALYST = NO;
				SUPPORTS_MAC_DESIGNED_FOR_IPHONE_IPAD = NO;
				SWIFT_EMIT_LOC_STRINGS = YES;
				SWIFT_VERSION = 5.0;
				TARGETED_DEVICE_FAMILY = 1;
			};
			name = Release;
		};
/* End XCBuildConfiguration section */

/* Begin XCConfigurationList section */
		DEE81C662B0CDC660069AB2E /* Build configuration list for PBXProject "LookMyPets" */ = {
			isa = XCConfigurationList;
			buildConfigurations = (
				DEE81C7D2B0CDC690069AB2E /* Debug */,
				DEE81C7E2B0CDC690069AB2E /* Release */,
			);
			defaultConfigurationIsVisible = 0;
			defaultConfigurationName = Release;
		};
		DEE81C7F2B0CDC690069AB2E /* Build configuration list for PBXNativeTarget "LookMyPets" */ = {
			isa = XCConfigurationList;
			buildConfigurations = (
				DEE81C802B0CDC690069AB2E /* Debug */,
				DEE81C812B0CDC690069AB2E /* Release */,
			);
			defaultConfigurationIsVisible = 0;
			defaultConfigurationName = Release;
		};
/* End XCConfigurationList section */

/* Begin XCRemoteSwiftPackageReference section */
		DE3AFF7A2B10DD0900C408C1 /* XCRemoteSwiftPackageReference "RxSwift" */ = {
			isa = XCRemoteSwiftPackageReference;
			repositoryURL = "https://github.com/ReactiveX/RxSwift";
			requirement = {
				kind = upToNextMinorVersion;
				minimumVersion = 6.6.0;
			};
		};
		DEE81C852B0CDD6B0069AB2E /* XCRemoteSwiftPackageReference "SnapKit" */ = {
			isa = XCRemoteSwiftPackageReference;
			repositoryURL = "https://github.com/SnapKit/SnapKit.git";
			requirement = {
				kind = upToNextMinorVersion;
				minimumVersion = 5.6.0;
			};
		};
		DEE81C882B0CDD8E0069AB2E /* XCRemoteSwiftPackageReference "Moya" */ = {
			isa = XCRemoteSwiftPackageReference;
			repositoryURL = "https://github.com/Moya/Moya";
			requirement = {
				kind = upToNextMinorVersion;
				minimumVersion = 15.0.3;
			};
		};
		DEE81C8F2B0CDDA00069AB2E /* XCRemoteSwiftPackageReference "Kingfisher" */ = {
			isa = XCRemoteSwiftPackageReference;
			repositoryURL = "https://github.com/onevcat/Kingfisher";
			requirement = {
				kind = upToNextMinorVersion;
				minimumVersion = 7.10.0;
			};
		};
/* End XCRemoteSwiftPackageReference section */

/* Begin XCSwiftPackageProductDependency section */
		DE3AFF7B2B10DD0900C408C1 /* RxCocoa */ = {
			isa = XCSwiftPackageProductDependency;
			package = DE3AFF7A2B10DD0900C408C1 /* XCRemoteSwiftPackageReference "RxSwift" */;
			productName = RxCocoa;
		};
		DE3AFF7D2B10DD0900C408C1 /* RxRelay */ = {
			isa = XCSwiftPackageProductDependency;
			package = DE3AFF7A2B10DD0900C408C1 /* XCRemoteSwiftPackageReference "RxSwift" */;
			productName = RxRelay;
		};
		DE3AFF7F2B10DD0900C408C1 /* RxSwift */ = {
			isa = XCSwiftPackageProductDependency;
			package = DE3AFF7A2B10DD0900C408C1 /* XCRemoteSwiftPackageReference "RxSwift" */;
			productName = RxSwift;
		};
		DEE81C862B0CDD6B0069AB2E /* SnapKit */ = {
			isa = XCSwiftPackageProductDependency;
			package = DEE81C852B0CDD6B0069AB2E /* XCRemoteSwiftPackageReference "SnapKit" */;
			productName = SnapKit;
		};
		DEE81C892B0CDD8E0069AB2E /* Moya */ = {
			isa = XCSwiftPackageProductDependency;
			package = DEE81C882B0CDD8E0069AB2E /* XCRemoteSwiftPackageReference "Moya" */;
			productName = Moya;
		};
		DEE81C8B2B0CDD8E0069AB2E /* ReactiveMoya */ = {
			isa = XCSwiftPackageProductDependency;
			package = DEE81C882B0CDD8E0069AB2E /* XCRemoteSwiftPackageReference "Moya" */;
			productName = ReactiveMoya;
		};
		DEE81C8D2B0CDD8E0069AB2E /* RxMoya */ = {
			isa = XCSwiftPackageProductDependency;
			package = DEE81C882B0CDD8E0069AB2E /* XCRemoteSwiftPackageReference "Moya" */;
			productName = RxMoya;
		};
		DEE81C902B0CDDA00069AB2E /* Kingfisher */ = {
			isa = XCSwiftPackageProductDependency;
			package = DEE81C8F2B0CDDA00069AB2E /* XCRemoteSwiftPackageReference "Kingfisher" */;
			productName = Kingfisher;
		};
/* End XCSwiftPackageProductDependency section */
	};
	rootObject = DEE81C632B0CDC660069AB2E /* Project object */;
}
